
Microsoft Visual Studio Solution File, Format Version 11.00
# Visual Studio 2010
Project("{FAE04EC0-301F-11D3-BF4B-00C04F79EFBC}") = "BowlingBall-text", "BowlingBall-text\BowlingBall-text.csproj", "{22C8E8D4-355D-4C33-9696-E66CE91F4421}"
EndProject
Project("{FAE04EC0-301F-11D3-BF4B-00C04F79EFBC}") = "BowlingLib", "BowlingLib\BowlingLib.csproj", "{238D10FF-0B8B-4109-BE22-5E11777C66AD}"
EndProject
Global
	GlobalSection(SolutionConfigurationPlatforms) = preSolution
		Debug|Any CPU = Debug|Any CPU
		Release|Any CPU = Release|Any CPU
	EndGlobalSection
	GlobalSection(ProjectConfigurationPlatforms) = postSolution
		{22C8E8D4-355D-4C33-9696-E66CE91F4421}.Debug|Any CPU.ActiveCfg = Debug|Any CPU
		{22C8E8D4-355D-4C33-9696-E66CE91F4421}.Debug|Any CPU.Build.0 = Debug|Any CPU
		{22C8E8D4-355D-4C33-9696-E66CE91F4421}.Release|Any CPU.ActiveCfg = Release|Any CPU
		{22C8E8D4-355D-4C33-9696-E66CE91F4421}.Release|Any CPU.Build.0 = Release|Any CPU
		{238D10FF-0B8B-4109-BE22-5E11777C66AD}.Debug|Any CPU.ActiveCfg = Debug|Any CPU
		{238D10FF-0B8B-4109-BE22-5E11777C66AD}.Debug|Any CPU.Build.0 = Debug|Any CPU
		{238D10FF-0B8B-4109-BE22-5E11777C66AD}.Release|Any CPU.ActiveCfg = Release|Any CPU
		{238D10FF-0B8B-4109-BE22-5E11777C66AD}.Release|Any CPU.Build.0 = Release|Any CPU
	EndGlobalSection
	GlobalSection(SolutionProperties) = preSolution
		HideSolutionNode = FALSE
	EndGlobalSection
EndGlobal
